
Microsoft Visual Studio Solution File, Format Version 12.00
# Visual Studio 14
VisualStudioVersion = 14.0.25420.1
MinimumVisualStudioVersion = 10.0.40219.1
Project("{FAE04EC0-301F-11D3-BF4B-00C04F79EFBC}") = "Tic_Tac_Toe1", "Tic_Tac_Toe1\Tic_Tac_Toe1.csproj", "{D4F58947-39DE-4877-AE37-4C23B0AC9E00}"
EndProject
Global
	GlobalSection(SolutionConfigurationPlatforms) = preSolution
		Debug|Any CPU = Debug|Any CPU
		Release|Any CPU = Release|Any CPU
	EndGlobalSection
	GlobalSection(ProjectConfigurationPlatforms) = postSolution
		{D4F58947-39DE-4877-AE37-4C23B0AC9E00}.Debug|Any CPU.ActiveCfg = Debug|Any CPU
		{D4F58947-39DE-4877-AE37-4C23B0AC9E00}.Debug|Any CPU.Build.0 = Debug|Any CPU
		{D4F58947-39DE-4877-AE37-4C23B0AC9E00}.Release|Any CPU.ActiveCfg = Release|Any CPU
		{D4F58947-39DE-4877-AE37-4C23B0AC9E00}.Release|Any CPU.Build.0 = Release|Any CPU
	EndGlobalSection
	GlobalSection(SolutionProperties) = preSolution
		HideSolutionNode = FALSE
	EndGlobalSection
EndGlobal
